
Microsoft Visual Studio Solution File, Format Version 12.00
# Visual Studio Version 17
VisualStudioVersion = 17.6.33815.320
MinimumVisualStudioVersion = 10.0.40219.1
Project("{8BC9CEB8-8B4A-11D0-8D11-00A0C91BC942}") = "Service", "Service\Service.vcxproj", "{A15500BC-5B41-4045-ACC8-DE891F655F7E}"
EndProject
Project("{8BC9CEB8-8B4A-11D0-8D11-00A0C91BC942}") = "Kernel", "Kernel\HyperAC.vcxproj", "{0CD7FD99-9889-46E6-90B9-521380C9646C}"
EndProject
Project("{2150E333-8FDC-42A3-9474-1A3956D46DE8}") = "Shared Files", "Shared Files", "{7CE7C31C-0019-452B-A488-9327EBD1095A}"
	ProjectSection(SolutionItems) = preProject
		Server\deps.txt = Server\deps.txt
		Shared\shared.hpp = Shared\shared.hpp
	EndProjectSection
EndProject
Project("{8BC9CEB8-8B4A-11D0-8D11-00A0C91BC942}") = "Bootstrapper", "Bootstrapper\Bootstrapper.vcxproj", "{60E7F7C8-1477-4FF4-A388-E5EFB32DD8D5}"
EndProject
Project("{8BC9CEB8-8B4A-11D0-8D11-00A0C91BC942}") = "Server", "Server\Server.vcxproj", "{9608E070-73AA-4E6F-BDFB-34FBA8741AF4}"
EndProject
Project("{8BC9CEB8-8B4A-11D0-8D11-00A0C91BC942}") = "Internal", "Internal\Internal.vcxproj", "{C5EB9D66-A029-4BF9-9F58-4F821009DAAE}"
EndProject
Global
	GlobalSection(SolutionConfigurationPlatforms) = preSolution
		Debug|ARM = Debug|ARM
		Debug|ARM64 = Debug|ARM64
		Debug|x64 = Debug|x64
		Debug|x86 = Debug|x86
		Release|ARM = Release|ARM
		Release|ARM64 = Release|ARM64
		Release|x64 = Release|x64
		Release|x86 = Release|x86
	EndGlobalSection
	GlobalSection(ProjectConfigurationPlatforms) = postSolution
		{A15500BC-5B41-4045-ACC8-DE891F655F7E}.Debug|ARM.ActiveCfg = Debug|x64
		{A15500BC-5B41-4045-ACC8-DE891F655F7E}.Debug|ARM.Build.0 = Debug|x64
		{A15500BC-5B41-4045-ACC8-DE891F655F7E}.Debug|ARM64.ActiveCfg = Debug|x64
		{A15500BC-5B41-4045-ACC8-DE891F655F7E}.Debug|ARM64.Build.0 = Debug|x64
		{A15500BC-5B41-4045-ACC8-DE891F655F7E}.Debug|x64.ActiveCfg = Debug|x64
		{A15500BC-5B41-4045-ACC8-DE891F655F7E}.Debug|x64.Build.0 = Debug|x64
		{A15500BC-5B41-4045-ACC8-DE891F655F7E}.Debug|x86.ActiveCfg = Debug|Win32
		{A15500BC-5B41-4045-ACC8-DE891F655F7E}.Debug|x86.Build.0 = Debug|Win32
		{A15500BC-5B41-4045-ACC8-DE891F655F7E}.Release|ARM.ActiveCfg = Release|x64
		{A15500BC-5B41-4045-ACC8-DE891F655F7E}.Release|ARM.Build.0 = Release|x64
		{A15500BC-5B41-4045-ACC8-DE891F655F7E}.Release|ARM64.ActiveCfg = Release|x64
		{A15500BC-5B41-4045-ACC8-DE891F655F7E}.Release|ARM64.Build.0 = Release|x64
		{A15500BC-5B41-4045-ACC8-DE891F655F7E}.Release|x64.ActiveCfg = Release|x64
		{A15500BC-5B41-4045-ACC8-DE891F655F7E}.Release|x64.Build.0 = Release|x64
		{A15500BC-5B41-4045-ACC8-DE891F655F7E}.Release|x86.ActiveCfg = Release|Win32
		{A15500BC-5B41-4045-ACC8-DE891F655F7E}.Release|x86.Build.0 = Release|Win32
		{0CD7FD99-9889-46E6-90B9-521380C9646C}.Debug|ARM.ActiveCfg = Debug|x64
		{0CD7FD99-9889-46E6-90B9-521380C9646C}.Debug|ARM.Build.0 = Debug|x64
		{0CD7FD99-9889-46E6-90B9-521380C9646C}.Debug|ARM.Deploy.0 = Debug|x64
		{0CD7FD99-9889-46E6-90B9-521380C9646C}.Debug|ARM64.ActiveCfg = Debug|ARM64
		{0CD7FD99-9889-46E6-90B9-521380C9646C}.Debug|ARM64.Build.0 = Debug|ARM64
		{0CD7FD99-9889-46E6-90B9-521380C9646C}.Debug|ARM64.Deploy.0 = Debug|ARM64
		{0CD7FD99-9889-46E6-90B9-521380C9646C}.Debug|x64.ActiveCfg = Debug|x64
		{0CD7FD99-9889-46E6-90B9-521380C9646C}.Debug|x64.Build.0 = Debug|x64
		{0CD7FD99-9889-46E6-90B9-521380C9646C}.Debug|x64.Deploy.0 = Debug|x64
		{0CD7FD99-9889-46E6-90B9-521380C9646C}.Debug|x86.ActiveCfg = Debug|x64
		{0CD7FD99-9889-46E6-90B9-521380C9646C}.Debug|x86.Build.0 = Debug|x64
		{0CD7FD99-9889-46E6-90B9-521380C9646C}.Debug|x86.Deploy.0 = Debug|x64
		{0CD7FD99-9889-46E6-90B9-521380C9646C}.Release|ARM.ActiveCfg = Release|x64
		{0CD7FD99-9889-46E6-90B9-521380C9646C}.Release|ARM.Build.0 = Release|x64
		{0CD7FD99-9889-46E6-90B9-521380C9646C}.Release|ARM.Deploy.0 = Release|x64
		{0CD7FD99-9889-46E6-90B9-521380C9646C}.Release|ARM64.ActiveCfg = Release|ARM64
		{0CD7FD99-9889-46E6-90B9-521380C9646C}.Release|ARM64.Build.0 = Release|ARM64
		{0CD7FD99-9889-46E6-90B9-521380C9646C}.Release|ARM64.Deploy.0 = Release|ARM64
		{0CD7FD99-9889-46E6-90B9-521380C9646C}.Release|x64.ActiveCfg = Release|x64
		{0CD7FD99-9889-46E6-90B9-521380C9646C}.Release|x64.Build.0 = Release|x64
		{0CD7FD99-9889-46E6-90B9-521380C9646C}.Release|x64.Deploy.0 = Release|x64
		{0CD7FD99-9889-46E6-90B9-521380C9646C}.Release|x86.ActiveCfg = Release|x64
		{0CD7FD99-9889-46E6-90B9-521380C9646C}.Release|x86.Build.0 = Release|x64
		{0CD7FD99-9889-46E6-90B9-521380C9646C}.Release|x86.Deploy.0 = Release|x64
		{60E7F7C8-1477-4FF4-A388-E5EFB32DD8D5}.Debug|ARM.ActiveCfg = Debug|x64
		{60E7F7C8-1477-4FF4-A388-E5EFB32DD8D5}.Debug|ARM.Build.0 = Debug|x64
		{60E7F7C8-1477-4FF4-A388-E5EFB32DD8D5}.Debug|ARM64.ActiveCfg = Debug|x64
		{60E7F7C8-1477-4FF4-A388-E5EFB32DD8D5}.Debug|ARM64.Build.0 = Debug|x64
		{60E7F7C8-1477-4FF4-A388-E5EFB32DD8D5}.Debug|x64.ActiveCfg = Debug|x64
		{60E7F7C8-1477-4FF4-A388-E5EFB32DD8D5}.Debug|x64.Build.0 = Debug|x64
		{60E7F7C8-1477-4FF4-A388-E5EFB32DD8D5}.Debug|x86.ActiveCfg = Debug|Win32
		{60E7F7C8-1477-4FF4-A388-E5EFB32DD8D5}.Debug|x86.Build.0 = Debug|Win32
		{60E7F7C8-1477-4FF4-A388-E5EFB32DD8D5}.Release|ARM.ActiveCfg = Release|x64
		{60E7F7C8-1477-4FF4-A388-E5EFB32DD8D5}.Release|ARM.Build.0 = Release|x64
		{60E7F7C8-1477-4FF4-A388-E5EFB32DD8D5}.Release|ARM64.ActiveCfg = Release|x64
		{60E7F7C8-1477-4FF4-A388-E5EFB32DD8D5}.Release|ARM64.Build.0 = Release|x64
		{60E7F7C8-1477-4FF4-A388-E5EFB32DD8D5}.Release|x64.ActiveCfg = Release|x64
		{60E7F7C8-1477-4FF4-A388-E5EFB32DD8D5}.Release|x64.Build.0 = Release|x64
		{60E7F7C8-1477-4FF4-A388-E5EFB32DD8D5}.Release|x86.ActiveCfg = Release|Win32
		{60E7F7C8-1477-4FF4-A388-E5EFB32DD8D5}.Release|x86.Build.0 = Release|Win32
		{9608E070-73AA-4E6F-BDFB-34FBA8741AF4}.Debug|ARM.ActiveCfg = Debug|ARM
		{9608E070-73AA-4E6F-BDFB-34FBA8741AF4}.Debug|ARM.Build.0 = Debug|ARM
		{9608E070-73AA-4E6F-BDFB-34FBA8741AF4}.Debug|ARM.Deploy.0 = Debug|ARM
		{9608E070-73AA-4E6F-BDFB-34FBA8741AF4}.Debug|ARM64.ActiveCfg = Debug|ARM64
		{9608E070-73AA-4E6F-BDFB-34FBA8741AF4}.Debug|ARM64.Build.0 = Debug|ARM64
		{9608E070-73AA-4E6F-BDFB-34FBA8741AF4}.Debug|ARM64.Deploy.0 = Debug|ARM64
		{9608E070-73AA-4E6F-BDFB-34FBA8741AF4}.Debug|x64.ActiveCfg = Debug|x64
		{9608E070-73AA-4E6F-BDFB-34FBA8741AF4}.Debug|x64.Build.0 = Debug|x64
		{9608E070-73AA-4E6F-BDFB-34FBA8741AF4}.Debug|x64.Deploy.0 = Debug|x64
		{9608E070-73AA-4E6F-BDFB-34FBA8741AF4}.Debug|x86.ActiveCfg = Debug|x86
		{9608E070-73AA-4E6F-BDFB-34FBA8741AF4}.Debug|x86.Build.0 = Debug|x86
		{9608E070-73AA-4E6F-BDFB-34FBA8741AF4}.Debug|x86.Deploy.0 = Debug|x86
		{9608E070-73AA-4E6F-BDFB-34FBA8741AF4}.Release|ARM.ActiveCfg = Release|ARM
		{9608E070-73AA-4E6F-BDFB-34FBA8741AF4}.Release|ARM.Build.0 = Release|ARM
		{9608E070-73AA-4E6F-BDFB-34FBA8741AF4}.Release|ARM.Deploy.0 = Release|ARM
		{9608E070-73AA-4E6F-BDFB-34FBA8741AF4}.Release|ARM64.ActiveCfg = Release|ARM64
		{9608E070-73AA-4E6F-BDFB-34FBA8741AF4}.Release|ARM64.Build.0 = Release|ARM64
		{9608E070-73AA-4E6F-BDFB-34FBA8741AF4}.Release|ARM64.Deploy.0 = Release|ARM64
		{9608E070-73AA-4E6F-BDFB-34FBA8741AF4}.Release|x64.ActiveCfg = Release|x64
		{9608E070-73AA-4E6F-BDFB-34FBA8741AF4}.Release|x64.Build.0 = Release|x64
		{9608E070-73AA-4E6F-BDFB-34FBA8741AF4}.Release|x64.Deploy.0 = Release|x64
		{9608E070-73AA-4E6F-BDFB-34FBA8741AF4}.Release|x86.ActiveCfg = Release|x86
		{9608E070-73AA-4E6F-BDFB-34FBA8741AF4}.Release|x86.Build.0 = Release|x86
		{9608E070-73AA-4E6F-BDFB-34FBA8741AF4}.Release|x86.Deploy.0 = Release|x86
		{C5EB9D66-A029-4BF9-9F58-4F821009DAAE}.Debug|ARM.ActiveCfg = Debug|x64
		{C5EB9D66-A029-4BF9-9F58-4F821009DAAE}.Debug|ARM.Build.0 = Debug|x64
		{C5EB9D66-A029-4BF9-9F58-4F821009DAAE}.Debug|ARM64.ActiveCfg = Debug|x64
		{C5EB9D66-A029-4BF9-9F58-4F821009DAAE}.Debug|ARM64.Build.0 = Debug|x64
		{C5EB9D66-A029-4BF9-9F58-4F821009DAAE}.Debug|x64.ActiveCfg = Debug|x64
		{C5EB9D66-A029-4BF9-9F58-4F821009DAAE}.Debug|x64.Build.0 = Debug|x64
		{C5EB9D66-A029-4BF9-9F58-4F821009DAAE}.Debug|x86.ActiveCfg = Debug|Win32
		{C5EB9D66-A029-4BF9-9F58-4F821009DAAE}.Debug|x86.Build.0 = Debug|Win32
		{C5EB9D66-A029-4BF9-9F58-4F821009DAAE}.Release|ARM.ActiveCfg = Release|x64
		{C5EB9D66-A029-4BF9-9F58-4F821009DAAE}.Release|ARM.Build.0 = Release|x64
		{C5EB9D66-A029-4BF9-9F58-4F821009DAAE}.Release|ARM64.ActiveCfg = Release|x64
		{C5EB9D66-A029-4BF9-9F58-4F821009DAAE}.Release|ARM64.Build.0 = Release|x64
		{C5EB9D66-A029-4BF9-9F58-4F821009DAAE}.Release|x64.ActiveCfg = Release|x64
		{C5EB9D66-A029-4BF9-9F58-4F821009DAAE}.Release|x64.Build.0 = Release|x64
		{C5EB9D66-A029-4BF9-9F58-4F821009DAAE}.Release|x86.ActiveCfg = Release|Win32
		{C5EB9D66-A029-4BF9-9F58-4F821009DAAE}.Release|x86.Build.0 = Release|Win32
	EndGlobalSection
	GlobalSection(SolutionProperties) = preSolution
		HideSolutionNode = FALSE
	EndGlobalSection
	GlobalSection(ExtensibilityGlobals) = postSolution
		SolutionGuid = {4A3F2D96-D82F-477D-9D80-2B30BEB894E3}
	EndGlobalSection
EndGlobal
