<?xml version="1.0" encoding="utf-8"?>
<Project ToolsVersion="4.0" xmlns="http://schemas.microsoft.com/developer/msbuild/2003">
  <ItemGroup>
    <ClCompile Include="entry.cpp" />
    <ClCompile Include="ob_pre_operation.cpp" />
    <ClCompile Include="load_image_notify.cpp" />
    <ClCompile Include="create_process_notify.cpp" />
    <ClCompile Include="create_thread_notify.cpp" />
    <ClCompile Include="ioctl.cpp" />
    <ClCompile Include="mmu.cpp" />
    <ClCompile Include="modules.cpp" />
    <ClCompile Include="threads.cpp" />
    <ClCompile Include="service.cpp" />
  </ItemGroup>
  <ItemGroup>
    <ClInclude Include="globals.hpp" />
    <ClInclude Include="docs.hpp" />
    <ClInclude Include="ob_pre_operation.hpp" />
    <ClInclude Include="load_image_notify.hpp" />
    <ClInclude Include="create_process_notify.hpp" />
    <ClInclude Include="create_thread_notify.hpp" />
    <ClInclude Include="ioctl.hpp" />
    <ClInclude Include="mmu.hpp" />
    <ClInclude Include="modules.hpp" />
    <ClInclude Include="threads.hpp" />
    <ClInclude Include="service.hpp" />
  </ItemGroup>
</Project>